
Microsoft Visual Studio Solution File, Format Version 12.00
# Visual Studio Version 17
VisualStudioVersion = 17.9.34622.214
MinimumVisualStudioVersion = 10.0.40219.1
Project("{FAE04EC0-301F-11D3-BF4B-00C04F79EFBC}") = "VeloTestFramework", "VeloTestFramework\VeloTestFramework.csproj", "{BD8EB08D-D0F6-47EE-AD08-1A24C295475A}"
EndProject
Project("{FAE04EC0-301F-11D3-BF4B-00C04F79EFBC}") = "VeloTestFramework.SplashScreen", "VeloTestFramework.SplashScreen\VeloTestFramework.SplashScreen.csproj", "{DF89E036-5217-4E47-8EE0-F39CDFEB6FBD}"
EndProject
Project("{2150E333-8FDC-42A3-9474-1A3956D46DE8}") = "Solution Items", "Solution Items", "{D7C9D27D-0948-41EE-96F5-D4F08C719EE5}"
	ProjectSection(SolutionItems) = preProject
		.github\workflows\actions.yml = .github\workflows\actions.yml
	EndProjectSection
EndProject
Global
	GlobalSection(SolutionConfigurationPlatforms) = preSolution
		Debug|Any CPU = Debug|Any CPU
		Release|Any CPU = Release|Any CPU
	EndGlobalSection
	GlobalSection(ProjectConfigurationPlatforms) = postSolution
		{BD8EB08D-D0F6-47EE-AD08-1A24C295475A}.Debug|Any CPU.ActiveCfg = Debug|Any CPU
		{BD8EB08D-D0F6-47EE-AD08-1A24C295475A}.Debug|Any CPU.Build.0 = Debug|Any CPU
		{BD8EB08D-D0F6-47EE-AD08-1A24C295475A}.Release|Any CPU.ActiveCfg = Release|Any CPU
		{BD8EB08D-D0F6-47EE-AD08-1A24C295475A}.Release|Any CPU.Build.0 = Release|Any CPU
		{DF89E036-5217-4E47-8EE0-F39CDFEB6FBD}.Debug|Any CPU.ActiveCfg = Debug|Any CPU
		{DF89E036-5217-4E47-8EE0-F39CDFEB6FBD}.Debug|Any CPU.Build.0 = Debug|Any CPU
		{DF89E036-5217-4E47-8EE0-F39CDFEB6FBD}.Release|Any CPU.ActiveCfg = Release|Any CPU
		{DF89E036-5217-4E47-8EE0-F39CDFEB6FBD}.Release|Any CPU.Build.0 = Release|Any CPU
	EndGlobalSection
	GlobalSection(SolutionProperties) = preSolution
		HideSolutionNode = FALSE
	EndGlobalSection
	GlobalSection(ExtensibilityGlobals) = postSolution
		SolutionGuid = {818D91E9-19A5-4048-AED9-2631DB77B203}
	EndGlobalSection
EndGlobal
